
Microsoft Visual Studio Solution File, Format Version 12.00
# Visual Studio Version 17
VisualStudioVersion = 17.0.31903.59
MinimumVisualStudioVersion = 10.0.40219.1
Project("{FAE04EC0-301F-11D3-BF4B-00C04F79EFBC}") = "Grades.Entities", "Grades.Entities\Grades.Entities.csproj", "{09FF7951-0922-402E-900F-C74E8810C1ED}"
EndProject
Project("{FAE04EC0-301F-11D3-BF4B-00C04F79EFBC}") = "Grades.Data", "Grades.Data\Grades.Data.csproj", "{8667F08A-78B0-4D6A-9221-6CCFC34B64D3}"
EndProject
Project("{FAE04EC0-301F-11D3-BF4B-00C04F79EFBC}") = "Grades.Business", "Grades.Business\Grades.Business.csproj", "{5A401906-6D7A-4956-8133-8BED28C3E53A}"
EndProject
Project("{FAE04EC0-301F-11D3-BF4B-00C04F79EFBC}") = "Grades.WPF", "Grades.WPF\Grades.WPF.csproj", "{ACE90C34-514A-4173-B91F-710AA9086398}"
EndProject
Global
	GlobalSection(SolutionConfigurationPlatforms) = preSolution
		Debug|Any CPU = Debug|Any CPU
		Debug|x64 = Debug|x64
		Debug|x86 = Debug|x86
		Release|Any CPU = Release|Any CPU
		Release|x64 = Release|x64
		Release|x86 = Release|x86
	EndGlobalSection
	GlobalSection(ProjectConfigurationPlatforms) = postSolution
		{09FF7951-0922-402E-900F-C74E8810C1ED}.Debug|Any CPU.ActiveCfg = Debug|Any CPU
		{09FF7951-0922-402E-900F-C74E8810C1ED}.Debug|Any CPU.Build.0 = Debug|Any CPU
		{09FF7951-0922-402E-900F-C74E8810C1ED}.Debug|x64.ActiveCfg = Debug|Any CPU
		{09FF7951-0922-402E-900F-C74E8810C1ED}.Debug|x64.Build.0 = Debug|Any CPU
		{09FF7951-0922-402E-900F-C74E8810C1ED}.Debug|x86.ActiveCfg = Debug|Any CPU
		{09FF7951-0922-402E-900F-C74E8810C1ED}.Debug|x86.Build.0 = Debug|Any CPU
		{09FF7951-0922-402E-900F-C74E8810C1ED}.Release|Any CPU.ActiveCfg = Release|Any CPU
		{09FF7951-0922-402E-900F-C74E8810C1ED}.Release|Any CPU.Build.0 = Release|Any CPU
		{09FF7951-0922-402E-900F-C74E8810C1ED}.Release|x64.ActiveCfg = Release|Any CPU
		{09FF7951-0922-402E-900F-C74E8810C1ED}.Release|x64.Build.0 = Release|Any CPU
		{09FF7951-0922-402E-900F-C74E8810C1ED}.Release|x86.ActiveCfg = Release|Any CPU
		{09FF7951-0922-402E-900F-C74E8810C1ED}.Release|x86.Build.0 = Release|Any CPU
		{8667F08A-78B0-4D6A-9221-6CCFC34B64D3}.Debug|Any CPU.ActiveCfg = Debug|Any CPU
		{8667F08A-78B0-4D6A-9221-6CCFC34B64D3}.Debug|Any CPU.Build.0 = Debug|Any CPU
		{8667F08A-78B0-4D6A-9221-6CCFC34B64D3}.Debug|x64.ActiveCfg = Debug|Any CPU
		{8667F08A-78B0-4D6A-9221-6CCFC34B64D3}.Debug|x64.Build.0 = Debug|Any CPU
		{8667F08A-78B0-4D6A-9221-6CCFC34B64D3}.Debug|x86.ActiveCfg = Debug|Any CPU
		{8667F08A-78B0-4D6A-9221-6CCFC34B64D3}.Debug|x86.Build.0 = Debug|Any CPU
		{8667F08A-78B0-4D6A-9221-6CCFC34B64D3}.Release|Any CPU.ActiveCfg = Release|Any CPU
		{8667F08A-78B0-4D6A-9221-6CCFC34B64D3}.Release|Any CPU.Build.0 = Release|Any CPU
		{8667F08A-78B0-4D6A-9221-6CCFC34B64D3}.Release|x64.ActiveCfg = Release|Any CPU
		{8667F08A-78B0-4D6A-9221-6CCFC34B64D3}.Release|x64.Build.0 = Release|Any CPU
		{8667F08A-78B0-4D6A-9221-6CCFC34B64D3}.Release|x86.ActiveCfg = Release|Any CPU
		{8667F08A-78B0-4D6A-9221-6CCFC34B64D3}.Release|x86.Build.0 = Release|Any CPU
		{5A401906-6D7A-4956-8133-8BED28C3E53A}.Debug|Any CPU.ActiveCfg = Debug|Any CPU
		{5A401906-6D7A-4956-8133-8BED28C3E53A}.Debug|Any CPU.Build.0 = Debug|Any CPU
		{5A401906-6D7A-4956-8133-8BED28C3E53A}.Debug|x64.ActiveCfg = Debug|Any CPU
		{5A401906-6D7A-4956-8133-8BED28C3E53A}.Debug|x64.Build.0 = Debug|Any CPU
		{5A401906-6D7A-4956-8133-8BED28C3E53A}.Debug|x86.ActiveCfg = Debug|Any CPU
		{5A401906-6D7A-4956-8133-8BED28C3E53A}.Debug|x86.Build.0 = Debug|Any CPU
		{5A401906-6D7A-4956-8133-8BED28C3E53A}.Release|Any CPU.ActiveCfg = Release|Any CPU
		{5A401906-6D7A-4956-8133-8BED28C3E53A}.Release|Any CPU.Build.0 = Release|Any CPU
		{5A401906-6D7A-4956-8133-8BED28C3E53A}.Release|x64.ActiveCfg = Release|Any CPU
		{5A401906-6D7A-4956-8133-8BED28C3E53A}.Release|x64.Build.0 = Release|Any CPU
		{5A401906-6D7A-4956-8133-8BED28C3E53A}.Release|x86.ActiveCfg = Release|Any CPU
		{5A401906-6D7A-4956-8133-8BED28C3E53A}.Release|x86.Build.0 = Release|Any CPU
		{ACE90C34-514A-4173-B91F-710AA9086398}.Debug|Any CPU.ActiveCfg = Debug|Any CPU
		{ACE90C34-514A-4173-B91F-710AA9086398}.Debug|Any CPU.Build.0 = Debug|Any CPU
		{ACE90C34-514A-4173-B91F-710AA9086398}.Debug|x64.ActiveCfg = Debug|Any CPU
		{ACE90C34-514A-4173-B91F-710AA9086398}.Debug|x64.Build.0 = Debug|Any CPU
		{ACE90C34-514A-4173-B91F-710AA9086398}.Debug|x86.ActiveCfg = Debug|Any CPU
		{ACE90C34-514A-4173-B91F-710AA9086398}.Debug|x86.Build.0 = Debug|Any CPU
		{ACE90C34-514A-4173-B91F-710AA9086398}.Release|Any CPU.ActiveCfg = Release|Any CPU
		{ACE90C34-514A-4173-B91F-710AA9086398}.Release|Any CPU.Build.0 = Release|Any CPU
		{ACE90C34-514A-4173-B91F-710AA9086398}.Release|x64.ActiveCfg = Release|Any CPU
		{ACE90C34-514A-4173-B91F-710AA9086398}.Release|x64.Build.0 = Release|Any CPU
		{ACE90C34-514A-4173-B91F-710AA9086398}.Release|x86.ActiveCfg = Release|Any CPU
		{ACE90C34-514A-4173-B91F-710AA9086398}.Release|x86.Build.0 = Release|Any CPU
	EndGlobalSection
	GlobalSection(SolutionProperties) = preSolution
		HideSolutionNode = FALSE
	EndGlobalSection
EndGlobal
